
Microsoft Visual Studio Solution File, Format Version 12.00
# Visual Studio Version 17
VisualStudioVersion = 17.10.35122.118
MinimumVisualStudioVersion = 10.0.40219.1
Project("{8BC9CEB8-8B4A-11D0-8D11-00A0C91BC942}") = "byondapi_sample", "byondapi_sample.vcxproj", "{C05618AC-A364-4CE3-8329-19B3DDB7D19C}"
EndProject
Global
	GlobalSection(SolutionConfigurationPlatforms) = preSolution
		Debug|x64 = Debug|x64
		Debug|x86 = Debug|x86
		Release|x64 = Release|x64
		Release|x86 = Release|x86
	EndGlobalSection
	GlobalSection(ProjectConfigurationPlatforms) = postSolution
		{C05618AC-A364-4CE3-8329-19B3DDB7D19C}.Debug|x64.ActiveCfg = Debug|x64
		{C05618AC-A364-4CE3-8329-19B3DDB7D19C}.Debug|x64.Build.0 = Debug|x64
		{C05618AC-A364-4CE3-8329-19B3DDB7D19C}.Debug|x86.ActiveCfg = Debug|Win32
		{C05618AC-A364-4CE3-8329-19B3DDB7D19C}.Debug|x86.Build.0 = Debug|Win32
		{C05618AC-A364-4CE3-8329-19B3DDB7D19C}.Release|x64.ActiveCfg = Release|x64
		{C05618AC-A364-4CE3-8329-19B3DDB7D19C}.Release|x64.Build.0 = Release|x64
		{C05618AC-A364-4CE3-8329-19B3DDB7D19C}.Release|x86.ActiveCfg = Release|Win32
		{C05618AC-A364-4CE3-8329-19B3DDB7D19C}.Release|x86.Build.0 = Release|Win32
	EndGlobalSection
	GlobalSection(SolutionProperties) = preSolution
		HideSolutionNode = FALSE
	EndGlobalSection
	GlobalSection(ExtensibilityGlobals) = postSolution
		SolutionGuid = {F4C9AE27-2461-4EAC-B26C-6AB01AA0F6D3}
	EndGlobalSection
EndGlobal
